{
  "name": "ndarray-entropy",
  "version": "0.2.0",
  "lockfileVersion": 1,
  "requires": true,
  "dependencies": {
    "ndarray-imhist": {
      "version": "0.4.1",
      "resolved": "https://registry.npmjs.org/ndarray-imhist/-/ndarray-imhist-0.4.1.tgz",
      "integrity": "sha512-KSYEvBUcWNkkJG0eRXn0ULk5lO2QQRR5p9zR13L3/ZYzRoe1KlBSXMI+pB55YTfyYNLs0tVmeUleKi3PNSCdAQ=="
    }
  }
}
