{
  "name": "ndarray-entropy",
  "version": "0.2.0",
  "lockfileVersion": 1,
  "requires": true,
  "dependencies": {
    "ndarray-imhist": {
      "version": "0.4.2",
      "resolved": "https://registry.npmjs.org/ndarray-imhist/-/ndarray-imhist-0.4.2.tgz",
      "integrity": "sha512-ulbbvyg58hXR4vpLM/Bim76jL6fdtvgXcNdNgamgvIblves+WtTZ1NhcaaVni+vQfFo/HgIZIYd15yUpHUZ3Hw=="
    }
  }
}
