{
  "requires": true,
  "lockfileVersion": 1,
  "dependencies": {
    "ndarray-imhist": {
      "version": "0.3.0",
      "resolved": "https://registry.npmjs.org/ndarray-imhist/-/ndarray-imhist-0.3.0.tgz",
      "integrity": "sha512-I9VbRaU2FrL4l6RJRa728B/BQeMe2TIM1sEUWUdtsAWGYNWVcezmjTTbyiWlee29v0LoQWF9/ttl/04x0m8Fqw=="
    }
  }
}
